// !$*UTF8*$!
{
	archiveVersion = 1;
	classes = {
	};
	objectVersion = 55;
	objects = {

/* Begin PBXBuildFile section */
		77449CF427900F6C0054FEC0 /* ViewContr1.swift in Sources */ = {isa = PBXBuildFile; fileRef = 77449CF327900F6C0054FEC0 /* ViewContr1.swift */; };
		77449CF6279015150054FEC0 /* Finishtd1.swift in Sources */ = {isa = PBXBuildFile; fileRef = 77449CF5279015150054FEC0 /* Finishtd1.swift */; };
		77449CF8279015E00054FEC0 /* viewContr2.swift in Sources */ = {isa = PBXBuildFile; fileRef = 77449CF7279015E00054FEC0 /* viewContr2.swift */; };
		7773BAA1278F1094005D7371 /* AppDelegate.swift in Sources */ = {isa = PBXBuildFile; fileRef = 7773BAA0278F1094005D7371 /* AppDelegate.swift */; };
		7773BAA3278F1094005D7371 /* SceneDelegate.swift in Sources */ = {isa = PBXBuildFile; fileRef = 7773BAA2278F1094005D7371 /* SceneDelegate.swift */; };
		7773BAA5278F1094005D7371 /* ViewController.swift in Sources */ = {isa = PBXBuildFile; fileRef = 7773BAA4278F1094005D7371 /* ViewController.swift */; };
		7773BAA8278F1094005D7371 /* Main.storyboard in Resources */ = {isa = PBXBuildFile; fileRef = 7773BAA6278F1094005D7371 /* Main.storyboard */; };
		7773BAAA278F1095005D7371 /* Assets.xcassets in Resources */ = {isa = PBXBuildFile; fileRef = 7773BAA9278F1095005D7371 /* Assets.xcassets */; };
		7773BAAD278F1095005D7371 /* LaunchScreen.storyboard in Resources */ = {isa = PBXBuildFile; fileRef = 7773BAAB278F1095005D7371 /* LaunchScreen.storyboard */; };
		7773BAB5278F234F005D7371 /* Forward.swift in Sources */ = {isa = PBXBuildFile; fileRef = 7773BAB4278F234F005D7371 /* Forward.swift */; };
		7773BAB7278F2366005D7371 /* Finished.swift in Sources */ = {isa = PBXBuildFile; fileRef = 7773BAB6278F2366005D7371 /* Finished.swift */; };
/* End PBXBuildFile section */

/* Begin PBXFileReference section */
		77449CF327900F6C0054FEC0 /* ViewContr1.swift */ = {isa = PBXFileReference; lastKnownFileType = sourcecode.swift; path = ViewContr1.swift; sourceTree = "<group>"; };
		77449CF5279015150054FEC0 /* Finishtd1.swift */ = {isa = PBXFileReference; lastKnownFileType = sourcecode.swift; path = Finishtd1.swift; sourceTree = "<group>"; };
		77449CF7279015E00054FEC0 /* viewContr2.swift */ = {isa = PBXFileReference; lastKnownFileType = sourcecode.swift; path = viewContr2.swift; sourceTree = "<group>"; };
		7773BA9D278F1094005D7371 /* 13(TabBar).app */ = {isa = PBXFileReference; explicitFileType = wrapper.application; includeInIndex = 0; path = "13(TabBar).app"; sourceTree = BUILT_PRODUCTS_DIR; };
		7773BAA0278F1094005D7371 /* AppDelegate.swift */ = {isa = PBXFileReference; lastKnownFileType = sourcecode.swift; path = AppDelegate.swift; sourceTree = "<group>"; };
		7773BAA2278F1094005D7371 /* SceneDelegate.swift */ = {isa = PBXFileReference; lastKnownFileType = sourcecode.swift; path = SceneDelegate.swift; sourceTree = "<group>"; };
		7773BAA4278F1094005D7371 /* ViewController.swift */ = {isa = PBXFileReference; lastKnownFileType = sourcecode.swift; path = ViewController.swift; sourceTree = "<group>"; };
		7773BAA7278F1094005D7371 /* Base */ = {isa = PBXFileReference; lastKnownFileType = file.storyboard; name = Base; path = Base.lproj/Main.storyboard; sourceTree = "<group>"; };
		7773BAA9278F1095005D7371 /* Assets.xcassets */ = {isa = PBXFileReference; lastKnownFileType = folder.assetcatalog; path = Assets.xcassets; sourceTree = "<group>"; };
		7773BAAC278F1095005D7371 /* Base */ = {isa = PBXFileReference; lastKnownFileType = file.storyboard; name = Base; path = Base.lproj/LaunchScreen.storyboard; sourceTree = "<group>"; };
		7773BAAE278F1095005D7371 /* Info.plist */ = {isa = PBXFileReference; lastKnownFileType = text.plist.xml; path = Info.plist; sourceTree = "<group>"; };
		7773BAB4278F234F005D7371 /* Forward.swift */ = {isa = PBXFileReference; lastKnownFileType = sourcecode.swift; path = Forward.swift; sourceTree = "<group>"; };
		7773BAB6278F2366005D7371 /* Finished.swift */ = {isa = PBXFileReference; lastKnownFileType = sourcecode.swift; path = Finished.swift; sourceTree = "<group>"; };
/* End PBXFileReference section */

/* Begin PBXFrameworksBuildPhase section */
		7773BA9A278F1094005D7371 /* Frameworks */ = {
			isa = PBXFrameworksBuildPhase;
			buildActionMask = 2147483647;
			files = (
			);
			runOnlyForDeploymentPostprocessing = 0;
		};
/* End PBXFrameworksBuildPhase section */

/* Begin PBXGroup section */
		7773BA94278F1094005D7371 = {
			isa = PBXGroup;
			children = (
				7773BA9F278F1094005D7371 /* 13(TabBar) */,
				7773BA9E278F1094005D7371 /* Products */,
			);
			sourceTree = "<group>";
		};
		7773BA9E278F1094005D7371 /* Products */ = {
			isa = PBXGroup;
			children = (
				7773BA9D278F1094005D7371 /* 13(TabBar).app */,
			);
			name = Products;
			sourceTree = "<group>";
		};
		7773BA9F278F1094005D7371 /* 13(TabBar) */ = {
			isa = PBXGroup;
			children = (
				7773BAA0278F1094005D7371 /* AppDelegate.swift */,
				7773BAA2278F1094005D7371 /* SceneDelegate.swift */,
				7773BAA4278F1094005D7371 /* ViewController.swift */,
				7773BAB4278F234F005D7371 /* Forward.swift */,
				7773BAB6278F2366005D7371 /* Finished.swift */,
				77449CF327900F6C0054FEC0 /* ViewContr1.swift */,
				77449CF5279015150054FEC0 /* Finishtd1.swift */,
				77449CF7279015E00054FEC0 /* viewContr2.swift */,
				7773BAA6278F1094005D7371 /* Main.storyboard */,
				7773BAA9278F1095005D7371 /* Assets.xcassets */,
				7773BAAB278F1095005D7371 /* LaunchScreen.storyboard */,
				7773BAAE278F1095005D7371 /* Info.plist */,
			);
			path = "13(TabBar)";
			sourceTree = "<group>";
		};
/* End PBXGroup section */

/* Begin PBXNativeTarget section */
		7773BA9C278F1094005D7371 /* 13(TabBar) */ = {
			isa = PBXNativeTarget;
			buildConfigurationList = 7773BAB1278F1095005D7371 /* Build configuration list for PBXNativeTarget "13(TabBar)" */;
			buildPhases = (
				7773BA99278F1094005D7371 /* Sources */,
				7773BA9A278F1094005D7371 /* Frameworks */,
				7773BA9B278F1094005D7371 /* Resources */,
			);
			buildRules = (
			);
			dependencies = (
			);
			name = "13(TabBar)";
			productName = "13(TabBar)";
			productReference = 7773BA9D278F1094005D7371 /* 13(TabBar).app */;
			productType = "com.apple.product-type.application";
		};
/* End PBXNativeTarget section */

/* Begin PBXProject section */
		7773BA95278F1094005D7371 /* Project object */ = {
			isa = PBXProject;
			attributes = {
				BuildIndependentTargetsInParallel = 1;
				LastSwiftUpdateCheck = 1320;
				LastUpgradeCheck = 1320;
				TargetAttributes = {
					7773BA9C278F1094005D7371 = {
						CreatedOnToolsVersion = 13.2.1;
					};
				};
			};
			buildConfigurationList = 7773BA98278F1094005D7371 /* Build configuration list for PBXProject "13(TabBar)" */;
			compatibilityVersion = "Xcode 13.0";
			developmentRegion = en;
			hasScannedForEncodings = 0;
			knownRegions = (
				en,
				Base,
			);
			mainGroup = 7773BA94278F1094005D7371;
			productRefGroup = 7773BA9E278F1094005D7371 /* Products */;
			projectDirPath = "";
			projectRoot = "";
			targets = (
				7773BA9C278F1094005D7371 /* 13(TabBar) */,
			);
		};
/* End PBXProject section */

/* Begin PBXResourcesBuildPhase section */
		7773BA9B278F1094005D7371 /* Resources */ = {
			isa = PBXResourcesBuildPhase;
			buildActionMask = 2147483647;
			files = (
				7773BAAD278F1095005D7371 /* LaunchScreen.storyboard in Resources */,
				7773BAAA278F1095005D7371 /* Assets.xcassets in Resources */,
				7773BAA8278F1094005D7371 /* Main.storyboard in Resources */,
			);
			runOnlyForDeploymentPostprocessing = 0;
		};
/* End PBXResourcesBuildPhase section */

/* Begin PBXSourcesBuildPhase section */
		7773BA99278F1094005D7371 /* Sources */ = {
			isa = PBXSourcesBuildPhase;
			buildActionMask = 2147483647;
			files = (
				7773BAB7278F2366005D7371 /* Finished.swift in Sources */,
				7773BAA5278F1094005D7371 /* ViewController.swift in Sources */,
				7773BAB5278F234F005D7371 /* Forward.swift in Sources */,
				7773BAA1278F1094005D7371 /* AppDelegate.swift in Sources */,
				7773BAA3278F1094005D7371 /* SceneDelegate.swift in Sources */,
				77449CF6279015150054FEC0 /* Finishtd1.swift in Sources */,
				77449CF8279015E00054FEC0 /* viewContr2.swift in Sources */,
				77449CF427900F6C0054FEC0 /* ViewContr1.swift in Sources */,
			);
			runOnlyForDeploymentPostprocessing = 0;
		};
/* End PBXSourcesBuildPhase section */

/* Begin PBXVariantGroup section */
		7773BAA6278F1094005D7371 /* Main.storyboard */ = {
			isa = PBXVariantGroup;
			children = (
				7773BAA7278F1094005D7371 /* Base */,
			);
			name = Main.storyboard;
			sourceTree = "<group>";
		};
		7773BAAB278F1095005D7371 /* LaunchScreen.storyboard */ = {
			isa = PBXVariantGroup;
			children = (
				7773BAAC278F1095005D7371 /* Base */,
			);
			name = LaunchScreen.storyboard;
			sourceTree = "<group>";
		};
/* End PBXVariantGroup section */

/* Begin XCBuildConfiguration section */
		7773BAAF278F1095005D7371 /* Debug */ = {
			isa = XCBuildConfiguration;
			buildSettings = {
				ALWAYS_SEARCH_USER_PATHS = NO;
				CLANG_ANALYZER_NONNULL = YES;
				CLANG_ANALYZER_NUMBER_OBJECT_CONVERSION = YES_AGGRESSIVE;
				CLANG_CXX_LANGUAGE_STANDARD = "gnu++17";
				CLANG_CXX_LIBRARY = "libc++";
				CLANG_ENABLE_MODULES = YES;
				CLANG_ENABLE_OBJC_ARC = YES;
				CLANG_ENABLE_OBJC_WEAK = YES;
				CLANG_WARN_BLOCK_CAPTURE_AUTORELEASING = YES;
				CLANG_WARN_BOOL_CONVERSION = YES;
				CLANG_WARN_COMMA = YES;
				CLANG_WARN_CONSTANT_CONVERSION = YES;
				CLANG_WARN_DEPRECATED_OBJC_IMPLEMENTATIONS = YES;
				CLANG_WARN_DIRECT_OBJC_ISA_USAGE = YES_ERROR;
				CLANG_WARN_DOCUMENTATION_COMMENTS = YES;
				CLANG_WARN_EMPTY_BODY = YES;
				CLANG_WARN_ENUM_CONVERSION = YES;
				CLANG_WARN_INFINITE_RECURSION = YES;
				CLANG_WARN_INT_CONVERSION = YES;
				CLANG_WARN_NON_LITERAL_NULL_CONVERSION = YES;
				CLANG_WARN_OBJC_IMPLICIT_RETAIN_SELF = YES;
				CLANG_WARN_OBJC_LITERAL_CONVERSION = YES;
				CLANG_WARN_OBJC_ROOT_CLASS = YES_ERROR;
				CLANG_WARN_QUOTED_INCLUDE_IN_FRAMEWORK_HEADER = YES;
				CLANG_WARN_RANGE_LOOP_ANALYSIS = YES;
				CLANG_WARN_STRICT_PROTOTYPES = YES;
				CLANG_WARN_SUSPICIOUS_MOVE = YES;
				CLANG_WARN_UNGUARDED_AVAILABILITY = YES_AGGRESSIVE;
				CLANG_WARN_UNREACHABLE_CODE = YES;
				CLANG_WARN__DUPLICATE_METHOD_MATCH = YES;
				COPY_PHASE_STRIP = NO;
				DEBUG_INFORMATION_FORMAT = dwarf;
				ENABLE_STRICT_OBJC_MSGSEND = YES;
				ENABLE_TESTABILITY = YES;
				GCC_C_LANGUAGE_STANDARD = gnu11;
				GCC_DYNAMIC_NO_PIC = NO;
				GCC_NO_COMMON_BLOCKS = YES;
				GCC_OPTIMIZATION_LEVEL = 0;
				GCC_PREPROCESSOR_DEFINITIONS = (
					"DEBUG=1",
					"$(inherited)",
				);
				GCC_WARN_64_TO_32_BIT_CONVERSION = YES;
				GCC_WARN_ABOUT_RETURN_TYPE = YES_ERROR;
				GCC_WARN_UNDECLARED_SELECTOR = YES;
				GCC_WARN_UNINITIALIZED_AUTOS = YES_AGGRESSIVE;
				GCC_WARN_UNUSED_FUNCTION = YES;
				GCC_WARN_UNUSED_VARIABLE = YES;
				IPHONEOS_DEPLOYMENT_TARGET = 15.2;
				MTL_ENABLE_DEBUG_INFO = INCLUDE_SOURCE;
				MTL_FAST_MATH = YES;
				ONLY_ACTIVE_ARCH = YES;
				SDKROOT = iphoneos;
				SWIFT_ACTIVE_COMPILATION_CONDITIONS = DEBUG;
				SWIFT_OPTIMIZATION_LEVEL = "-Onone";
			};
			name = Debug;
		};
		7773BAB0278F1095005D7371 /* Release */ = {
			isa = XCBuildConfiguration;
			buildSettings = {
				ALWAYS_SEARCH_USER_PATHS = NO;
				CLANG_ANALYZER_NONNULL = YES;
				CLANG_ANALYZER_NUMBER_OBJECT_CONVERSION = YES_AGGRESSIVE;
				CLANG_CXX_LANGUAGE_STANDARD = "gnu++17";
				CLANG_CXX_LIBRARY = "libc++";
				CLANG_ENABLE_MODULES = YES;
				CLANG_ENABLE_OBJC_ARC = YES;
				CLANG_ENABLE_OBJC_WEAK = YES;
				CLANG_WARN_BLOCK_CAPTURE_AUTORELEASING = YES;
				CLANG_WARN_BOOL_CONVERSION = YES;
				CLANG_WARN_COMMA = YES;
				CLANG_WARN_CONSTANT_CONVERSION = YES;
				CLANG_WARN_DEPRECATED_OBJC_IMPLEMENTATIONS = YES;
				CLANG_WARN_DIRECT_OBJC_ISA_USAGE = YES_ERROR;
				CLANG_WARN_DOCUMENTATION_COMMENTS = YES;
				CLANG_WARN_EMPTY_BODY = YES;
				CLANG_WARN_ENUM_CONVERSION = YES;
				CLANG_WARN_INFINITE_RECURSION = YES;
				CLANG_WARN_INT_CONVERSION = YES;
				CLANG_WARN_NON_LITERAL_NULL_CONVERSION = YES;
				CLANG_WARN_OBJC_IMPLICIT_RETAIN_SELF = YES;
				CLANG_WARN_OBJC_LITERAL_CONVERSION = YES;
				CLANG_WARN_OBJC_ROOT_CLASS = YES_ERROR;
				CLANG_WARN_QUOTED_INCLUDE_IN_FRAMEWORK_HEADER = YES;
				CLANG_WARN_RANGE_LOOP_ANALYSIS = YES;
				CLANG_WARN_STRICT_PROTOTYPES = YES;
				CLANG_WARN_SUSPICIOUS_MOVE = YES;
				CLANG_WARN_UNGUARDED_AVAILABILITY = YES_AGGRESSIVE;
				CLANG_WARN_UNREACHABLE_CODE = YES;
				CLANG_WARN__DUPLICATE_METHOD_MATCH = YES;
				COPY_PHASE_STRIP = NO;
				DEBUG_INFORMATION_FORMAT = "dwarf-with-dsym";
				ENABLE_NS_ASSERTIONS = NO;
				ENABLE_STRICT_OBJC_MSGSEND = YES;
				GCC_C_LANGUAGE_STANDARD = gnu11;
				GCC_NO_COMMON_BLOCKS = YES;
				GCC_WARN_64_TO_32_BIT_CONVERSION = YES;
				GCC_WARN_ABOUT_RETURN_TYPE = YES_ERROR;
				GCC_WARN_UNDECLARED_SELECTOR = YES;
				GCC_WARN_UNINITIALIZED_AUTOS = YES_AGGRESSIVE;
				GCC_WARN_UNUSED_FUNCTION = YES;
				GCC_WARN_UNUSED_VARIABLE = YES;
				IPHONEOS_DEPLOYMENT_TARGET = 15.2;
				MTL_ENABLE_DEBUG_INFO = NO;
				MTL_FAST_MATH = YES;
				SDKROOT = iphoneos;
				SWIFT_COMPILATION_MODE = wholemodule;
				SWIFT_OPTIMIZATION_LEVEL = "-O";
				VALIDATE_PRODUCT = YES;
			};
			name = Release;
		};
		7773BAB2278F1095005D7371 /* Debug */ = {
			isa = XCBuildConfiguration;
			buildSettings = {
				ASSETCATALOG_COMPILER_APPICON_NAME = AppIcon;
				ASSETCATALOG_COMPILER_GLOBAL_ACCENT_COLOR_NAME = AccentColor;
				CODE_SIGN_STYLE = Automatic;
				CURRENT_PROJECT_VERSION = 1;
				GENERATE_INFOPLIST_FILE = YES;
				INFOPLIST_FILE = "13(TabBar)/Info.plist";
				INFOPLIST_KEY_UIApplicationSupportsIndirectInputEvents = YES;
				INFOPLIST_KEY_UILaunchStoryboardName = LaunchScreen;
				INFOPLIST_KEY_UIMainStoryboardFile = Main;
				INFOPLIST_KEY_UISupportedInterfaceOrientations_iPad = "UIInterfaceOrientationPortrait UIInterfaceOrientationPortraitUpsideDown UIInterfaceOrientationLandscapeLeft UIInterfaceOrientationLandscapeRight";
				INFOPLIST_KEY_UISupportedInterfaceOrientations_iPhone = "UIInterfaceOrientationPortrait UIInterfaceOrientationLandscapeLeft UIInterfaceOrientationLandscapeRight";
				LD_RUNPATH_SEARCH_PATHS = (
					"$(inherited)",
					"@executable_path/Frameworks",
				);
				MARKETING_VERSION = 1.0;
				PRODUCT_BUNDLE_IDENTIFIER = "skillbox.-3-TabBar-";
				PRODUCT_NAME = "$(TARGET_NAME)";
				SWIFT_EMIT_LOC_STRINGS = YES;
				SWIFT_VERSION = 5.0;
				TARGETED_DEVICE_FAMILY = "1,2";
			};
			name = Debug;
		};
		7773BAB3278F1095005D7371 /* Release */ = {
			isa = XCBuildConfiguration;
			buildSettings = {
				ASSETCATALOG_COMPILER_APPICON_NAME = AppIcon;
				ASSETCATALOG_COMPILER_GLOBAL_ACCENT_COLOR_NAME = AccentColor;
				CODE_SIGN_STYLE = Automatic;
				CURRENT_PROJECT_VERSION = 1;
				GENERATE_INFOPLIST_FILE = YES;
				INFOPLIST_FILE = "13(TabBar)/Info.plist";
				INFOPLIST_KEY_UIApplicationSupportsIndirectInputEvents = YES;
				INFOPLIST_KEY_UILaunchStoryboardName = LaunchScreen;
				INFOPLIST_KEY_UIMainStoryboardFile = Main;
				INFOPLIST_KEY_UISupportedInterfaceOrientations_iPad = "UIInterfaceOrientationPortrait UIInterfaceOrientationPortraitUpsideDown UIInterfaceOrientationLandscapeLeft UIInterfaceOrientationLandscapeRight";
				INFOPLIST_KEY_UISupportedInterfaceOrientations_iPhone = "UIInterfaceOrientationPortrait UIInterfaceOrientationLandscapeLeft UIInterfaceOrientationLandscapeRight";
				LD_RUNPATH_SEARCH_PATHS = (
					"$(inherited)",
					"@executable_path/Frameworks",
				);
				MARKETING_VERSION = 1.0;
				PRODUCT_BUNDLE_IDENTIFIER = "skillbox.-3-TabBar-";
				PRODUCT_NAME = "$(TARGET_NAME)";
				SWIFT_EMIT_LOC_STRINGS = YES;
				SWIFT_VERSION = 5.0;
				TARGETED_DEVICE_FAMILY = "1,2";
			};
			name = Release;
		};
/* End XCBuildConfiguration section */

/* Begin XCConfigurationList section */
		7773BA98278F1094005D7371 /* Build configuration list for PBXProject "13(TabBar)" */ = {
			isa = XCConfigurationList;
			buildConfigurations = (
				7773BAAF278F1095005D7371 /* Debug */,
				7773BAB0278F1095005D7371 /* Release */,
			);
			defaultConfigurationIsVisible = 0;
			defaultConfigurationName = Release;
		};
		7773BAB1278F1095005D7371 /* Build configuration list for PBXNativeTarget "13(TabBar)" */ = {
			isa = XCConfigurationList;
			buildConfigurations = (
				7773BAB2278F1095005D7371 /* Debug */,
				7773BAB3278F1095005D7371 /* Release */,
			);
			defaultConfigurationIsVisible = 0;
			defaultConfigurationName = Release;
		};
/* End XCConfigurationList section */
	};
	rootObject = 7773BA95278F1094005D7371 /* Project object */;
}
